
Microsoft Visual Studio Solution File, Format Version 12.00
# Visual Studio Version 16
VisualStudioVersion = 25.0.1706.8
MinimumVisualStudioVersion = 10.0.40219.1
Project("{FAE04EC0-301F-11D3-BF4B-00C04F79EFBC}") = "NotesApp", "NotesApp\NotesApp.csproj", "{CF4655A0-BF1B-4895-9F1B-0188D48C8094}"
EndProject
Global
	GlobalSection(SolutionConfigurationPlatforms) = preSolution
		Debug|Any CPU = Debug|Any CPU
		Release|Any CPU = Release|Any CPU
	EndGlobalSection
	GlobalSection(ProjectConfigurationPlatforms) = postSolution
		{CF4655A0-BF1B-4895-9F1B-0188D48C8094}.Debug|Any CPU.ActiveCfg = Debug|Any CPU
		{CF4655A0-BF1B-4895-9F1B-0188D48C8094}.Debug|Any CPU.Build.0 = Debug|Any CPU
		{CF4655A0-BF1B-4895-9F1B-0188D48C8094}.Release|Any CPU.ActiveCfg = Release|Any CPU
		{CF4655A0-BF1B-4895-9F1B-0188D48C8094}.Release|Any CPU.Build.0 = Release|Any CPU
	EndGlobalSection
	GlobalSection(SolutionProperties) = preSolution
		HideSolutionNode = FALSE
	EndGlobalSection
	GlobalSection(ExtensibilityGlobals) = postSolution
		SolutionGuid = {661509E6-BB84-486E-8E2F-86DC9558FEAC}
	EndGlobalSection
EndGlobal
